// !$*UTF8*$!
{
	archiveVersion = 1;
	classes = {
	};
	objectVersion = 48;
	objects = {

/* Begin PBXBuildFile section */
		152D8E563062C3ECC34423A7 /* Pods_Testee.framework in Frameworks */ = {isa = PBXBuildFile; fileRef = 95D478CA7F10E5AEC65828D7 /* Pods_Testee.framework */; };
		6C1814AE202CFE95003423ED /* ChatLogController.swift in Sources */ = {isa = PBXBuildFile; fileRef = 6C1814AD202CFE95003423ED /* ChatLogController.swift */; };
		6C1A8CEF202536A5004E58BA /* Assets.xcassets in Resources */ = {isa = PBXBuildFile; fileRef = 6C1A8CEE202536A5004E58BA /* Assets.xcassets */; };
		6C1A8CF0202536A5004E58BA /* Assets.xcassets in Resources */ = {isa = PBXBuildFile; fileRef = 6C1A8CEE202536A5004E58BA /* Assets.xcassets */; };
		6C1A8CF1202536A5004E58BA /* Assets.xcassets in Resources */ = {isa = PBXBuildFile; fileRef = 6C1A8CEE202536A5004E58BA /* Assets.xcassets */; };
		6C1A8CF8202695EC004E58BA /* User.swift in Sources */ = {isa = PBXBuildFile; fileRef = 6C1A8CF7202695EC004E58BA /* User.swift */; };
		6C1A8CF9202695EC004E58BA /* User.swift in Sources */ = {isa = PBXBuildFile; fileRef = 6C1A8CF7202695EC004E58BA /* User.swift */; };
		6C1A8CFA202695EC004E58BA /* User.swift in Sources */ = {isa = PBXBuildFile; fileRef = 6C1A8CF7202695EC004E58BA /* User.swift */; };
		6C1FF159202EABCC006AB794 /* Message.swift in Sources */ = {isa = PBXBuildFile; fileRef = 6C1FF158202EABCC006AB794 /* Message.swift */; };
		6C1FF15C2034F727006AB794 /* ChatMessageCell.swift in Sources */ = {isa = PBXBuildFile; fileRef = 6C1FF15B2034F727006AB794 /* ChatMessageCell.swift */; };
		6C3EE6A7201419FA00943AE2 /* RegistrationController.swift in Sources */ = {isa = PBXBuildFile; fileRef = 6C3EE6A6201419FA00943AE2 /* RegistrationController.swift */; };
		6C484B5B201952A7009BF017 /* UI.storyboard in Resources */ = {isa = PBXBuildFile; fileRef = 6C484B5A201952A7009BF017 /* UI.storyboard */; };
		6C9575582011906F000263E4 /* LoginController.swift in Sources */ = {isa = PBXBuildFile; fileRef = 6C9575572011906F000263E4 /* LoginController.swift */; };
		6C9575622012DFD6000263E4 /* night.png in Resources */ = {isa = PBXBuildFile; fileRef = 6C9575612012DFD6000263E4 /* night.png */; };
		6CCC59C8201FACBA00FE716A /* checkBox.swift in Sources */ = {isa = PBXBuildFile; fileRef = 6CCC59C7201FACBA00FE716A /* checkBox.swift */; };
		6CE053CA2050AA29008ACB57 /* ProfileViewCell.swift in Sources */ = {isa = PBXBuildFile; fileRef = 6CE053C92050AA29008ACB57 /* ProfileViewCell.swift */; };
		6CEA19672008480F0072E501 /* AppDelegate.swift in Sources */ = {isa = PBXBuildFile; fileRef = 6CEA19662008480F0072E501 /* AppDelegate.swift */; };
		6CEA19692008480F0072E501 /* MessagesController.swift in Sources */ = {isa = PBXBuildFile; fileRef = 6CEA19682008480F0072E501 /* MessagesController.swift */; };
		6CEA196C2008480F0072E501 /* Main.storyboard in Resources */ = {isa = PBXBuildFile; fileRef = 6CEA196A2008480F0072E501 /* Main.storyboard */; };
		6CEA19712008480F0072E501 /* LaunchScreen.storyboard in Resources */ = {isa = PBXBuildFile; fileRef = 6CEA196F2008480F0072E501 /* LaunchScreen.storyboard */; };
		6CEA197C200848100072E501 /* TesteeTests.swift in Sources */ = {isa = PBXBuildFile; fileRef = 6CEA197B200848100072E501 /* TesteeTests.swift */; };
		6CEA1987200848100072E501 /* TesteeUITests.swift in Sources */ = {isa = PBXBuildFile; fileRef = 6CEA1986200848100072E501 /* TesteeUITests.swift */; };
		6CEA1995200849010072E501 /* GoogleService-Info.plist in Resources */ = {isa = PBXBuildFile; fileRef = 6CEA1994200849000072E501 /* GoogleService-Info.plist */; };
		6CEA1996200849D20072E501 /* GoogleService-Info.plist in Resources */ = {isa = PBXBuildFile; fileRef = 6CEA1994200849000072E501 /* GoogleService-Info.plist */; };
		6CEA1997200849D40072E501 /* GoogleService-Info.plist in Resources */ = {isa = PBXBuildFile; fileRef = 6CEA1994200849000072E501 /* GoogleService-Info.plist */; };
		6CFD8FA1203E55AF007589C3 /* RecentMessageCell.swift in Sources */ = {isa = PBXBuildFile; fileRef = 6CFD8FA0203E55AF007589C3 /* RecentMessageCell.swift */; };
		AD3ACFC020509599005F6E19 /* ProfileController.swift in Sources */ = {isa = PBXBuildFile; fileRef = AD3ACFBF20509599005F6E19 /* ProfileController.swift */; };
		AD3ACFC22050A71B005F6E19 /* HomeViewController.swift in Sources */ = {isa = PBXBuildFile; fileRef = AD3ACFC12050A71B005F6E19 /* HomeViewController.swift */; };
		AD3ACFC42050DF44005F6E19 /* DateViewController.swift in Sources */ = {isa = PBXBuildFile; fileRef = AD3ACFC32050DF44005F6E19 /* DateViewController.swift */; };
		AD3ACFEA2051E3A2005F6E19 /* chatBtn.png in Resources */ = {isa = PBXBuildFile; fileRef = AD3ACFE52051E3A2005F6E19 /* chatBtn.png */; };
		AD3ACFEB2051E3A2005F6E19 /* profileBtn.png in Resources */ = {isa = PBXBuildFile; fileRef = AD3ACFE62051E3A2005F6E19 /* profileBtn.png */; };
		AD3ACFEC2051E3A2005F6E19 /* dateBtn.png in Resources */ = {isa = PBXBuildFile; fileRef = AD3ACFE72051E3A2005F6E19 /* dateBtn.png */; };
		AD3ACFED2051E3A2005F6E19 /* homeBtn.png in Resources */ = {isa = PBXBuildFile; fileRef = AD3ACFE82051E3A2005F6E19 /* homeBtn.png */; };
		AD3ACFEE2051E3A2005F6E19 /* logoutBtn.png in Resources */ = {isa = PBXBuildFile; fileRef = AD3ACFE92051E3A2005F6E19 /* logoutBtn.png */; };
		BBD60788CC1209162F701217 /* Pods_TesteeTests.framework in Frameworks */ = {isa = PBXBuildFile; fileRef = AD74C38C00D3BADB660B44CF /* Pods_TesteeTests.framework */; };
		FC305B91982B09056D106599 /* Pods_TesteeUITests.framework in Frameworks */ = {isa = PBXBuildFile; fileRef = 427682A4ED74EB7FA8043A8B /* Pods_TesteeUITests.framework */; };
/* End PBXBuildFile section */

/* Begin PBXContainerItemProxy section */
		6CEA1978200848100072E501 /* PBXContainerItemProxy */ = {
			isa = PBXContainerItemProxy;
			containerPortal = 6CEA195B2008480F0072E501 /* Project object */;
			proxyType = 1;
			remoteGlobalIDString = 6CEA19622008480F0072E501;
			remoteInfo = Testee;
		};
		6CEA1983200848100072E501 /* PBXContainerItemProxy */ = {
			isa = PBXContainerItemProxy;
			containerPortal = 6CEA195B2008480F0072E501 /* Project object */;
			proxyType = 1;
			remoteGlobalIDString = 6CEA19622008480F0072E501;
			remoteInfo = Testee;
		};
/* End PBXContainerItemProxy section */

/* Begin PBXFileReference section */
		0AA2C38E43CAF4A74D3598ED /* Pods-Testee.debug.xcconfig */ = {isa = PBXFileReference; includeInIndex = 1; lastKnownFileType = text.xcconfig; name = "Pods-Testee.debug.xcconfig"; path = "Pods/Target Support Files/Pods-Testee/Pods-Testee.debug.xcconfig"; sourceTree = "<group>"; };
		1EB2A1B7FED7B49F305A929C /* Pods-Testee.release.xcconfig */ = {isa = PBXFileReference; includeInIndex = 1; lastKnownFileType = text.xcconfig; name = "Pods-Testee.release.xcconfig"; path = "Pods/Target Support Files/Pods-Testee/Pods-Testee.release.xcconfig"; sourceTree = "<group>"; };
		427682A4ED74EB7FA8043A8B /* Pods_TesteeUITests.framework */ = {isa = PBXFileReference; explicitFileType = wrapper.framework; includeInIndex = 0; path = Pods_TesteeUITests.framework; sourceTree = BUILT_PRODUCTS_DIR; };
		4DFF3CCE8DC3EF2656C2E82A /* Pods-TesteeUITests.release.xcconfig */ = {isa = PBXFileReference; includeInIndex = 1; lastKnownFileType = text.xcconfig; name = "Pods-TesteeUITests.release.xcconfig"; path = "Pods/Target Support Files/Pods-TesteeUITests/Pods-TesteeUITests.release.xcconfig"; sourceTree = "<group>"; };
		6C1814AD202CFE95003423ED /* ChatLogController.swift */ = {isa = PBXFileReference; lastKnownFileType = sourcecode.swift; path = ChatLogController.swift; sourceTree = "<group>"; };
		6C1A8CEE202536A5004E58BA /* Assets.xcassets */ = {isa = PBXFileReference; lastKnownFileType = folder.assetcatalog; path = Assets.xcassets; sourceTree = "<group>"; };
		6C1A8CF7202695EC004E58BA /* User.swift */ = {isa = PBXFileReference; lastKnownFileType = sourcecode.swift; path = User.swift; sourceTree = "<group>"; };
		6C1FF158202EABCC006AB794 /* Message.swift */ = {isa = PBXFileReference; lastKnownFileType = sourcecode.swift; path = Message.swift; sourceTree = "<group>"; };
		6C1FF15B2034F727006AB794 /* ChatMessageCell.swift */ = {isa = PBXFileReference; lastKnownFileType = sourcecode.swift; path = ChatMessageCell.swift; sourceTree = "<group>"; };
		6C3EE6A6201419FA00943AE2 /* RegistrationController.swift */ = {isa = PBXFileReference; lastKnownFileType = sourcecode.swift; path = RegistrationController.swift; sourceTree = "<group>"; };
		6C484B5A201952A7009BF017 /* UI.storyboard */ = {isa = PBXFileReference; lastKnownFileType = file.storyboard; path = UI.storyboard; sourceTree = "<group>"; };
		6C9575572011906F000263E4 /* LoginController.swift */ = {isa = PBXFileReference; lastKnownFileType = sourcecode.swift; path = LoginController.swift; sourceTree = "<group>"; };
		6C9575612012DFD6000263E4 /* night.png */ = {isa = PBXFileReference; lastKnownFileType = image.png; path = night.png; sourceTree = SOURCE_ROOT; };
		6CBA0446201FB6B700456C7D /* checkBox.png */ = {isa = PBXFileReference; lastKnownFileType = image.png; path = checkBox.png; sourceTree = "<group>"; };
		6CCC59C7201FACBA00FE716A /* checkBox.swift */ = {isa = PBXFileReference; lastKnownFileType = sourcecode.swift; path = checkBox.swift; sourceTree = "<group>"; };
		6CE053C92050AA29008ACB57 /* ProfileViewCell.swift */ = {isa = PBXFileReference; lastKnownFileType = sourcecode.swift; path = ProfileViewCell.swift; sourceTree = "<group>"; };
		6CEA19632008480F0072E501 /* Testee.app */ = {isa = PBXFileReference; explicitFileType = wrapper.application; includeInIndex = 0; path = Testee.app; sourceTree = BUILT_PRODUCTS_DIR; };
		6CEA19662008480F0072E501 /* AppDelegate.swift */ = {isa = PBXFileReference; lastKnownFileType = sourcecode.swift; path = AppDelegate.swift; sourceTree = "<group>"; };
		6CEA19682008480F0072E501 /* MessagesController.swift */ = {isa = PBXFileReference; lastKnownFileType = sourcecode.swift; path = MessagesController.swift; sourceTree = "<group>"; };
		6CEA196B2008480F0072E501 /* Base */ = {isa = PBXFileReference; lastKnownFileType = file.storyboard; name = Base; path = Base.lproj/Main.storyboard; sourceTree = "<group>"; };
		6CEA19702008480F0072E501 /* Base */ = {isa = PBXFileReference; lastKnownFileType = file.storyboard; name = Base; path = Base.lproj/LaunchScreen.storyboard; sourceTree = "<group>"; };
		6CEA19722008480F0072E501 /* Info.plist */ = {isa = PBXFileReference; lastKnownFileType = text.plist.xml; path = Info.plist; sourceTree = "<group>"; };
		6CEA1977200848100072E501 /* TesteeTests.xctest */ = {isa = PBXFileReference; explicitFileType = wrapper.cfbundle; includeInIndex = 0; path = TesteeTests.xctest; sourceTree = BUILT_PRODUCTS_DIR; };
		6CEA197B200848100072E501 /* TesteeTests.swift */ = {isa = PBXFileReference; lastKnownFileType = sourcecode.swift; path = TesteeTests.swift; sourceTree = "<group>"; };
		6CEA197D200848100072E501 /* Info.plist */ = {isa = PBXFileReference; lastKnownFileType = text.plist.xml; path = Info.plist; sourceTree = "<group>"; };
		6CEA1982200848100072E501 /* TesteeUITests.xctest */ = {isa = PBXFileReference; explicitFileType = wrapper.cfbundle; includeInIndex = 0; path = TesteeUITests.xctest; sourceTree = BUILT_PRODUCTS_DIR; };
		6CEA1986200848100072E501 /* TesteeUITests.swift */ = {isa = PBXFileReference; lastKnownFileType = sourcecode.swift; path = TesteeUITests.swift; sourceTree = "<group>"; };
		6CEA1988200848100072E501 /* Info.plist */ = {isa = PBXFileReference; lastKnownFileType = text.plist.xml; path = Info.plist; sourceTree = "<group>"; };
		6CEA1994200849000072E501 /* GoogleService-Info.plist */ = {isa = PBXFileReference; fileEncoding = 4; lastKnownFileType = text.plist.xml; path = "GoogleService-Info.plist"; sourceTree = "<group>"; };
		6CFD8FA0203E55AF007589C3 /* RecentMessageCell.swift */ = {isa = PBXFileReference; lastKnownFileType = sourcecode.swift; path = RecentMessageCell.swift; sourceTree = "<group>"; };
		73553268F34D28B02C0122BC /* Pods-TesteeTests.release.xcconfig */ = {isa = PBXFileReference; includeInIndex = 1; lastKnownFileType = text.xcconfig; name = "Pods-TesteeTests.release.xcconfig"; path = "Pods/Target Support Files/Pods-TesteeTests/Pods-TesteeTests.release.xcconfig"; sourceTree = "<group>"; };
		7E134E273AD525B449443E64 /* Pods-TesteeUITests.debug.xcconfig */ = {isa = PBXFileReference; includeInIndex = 1; lastKnownFileType = text.xcconfig; name = "Pods-TesteeUITests.debug.xcconfig"; path = "Pods/Target Support Files/Pods-TesteeUITests/Pods-TesteeUITests.debug.xcconfig"; sourceTree = "<group>"; };
		95D478CA7F10E5AEC65828D7 /* Pods_Testee.framework */ = {isa = PBXFileReference; explicitFileType = wrapper.framework; includeInIndex = 0; path = Pods_Testee.framework; sourceTree = BUILT_PRODUCTS_DIR; };
		AD3ACFBF20509599005F6E19 /* ProfileController.swift */ = {isa = PBXFileReference; lastKnownFileType = sourcecode.swift; path = ProfileController.swift; sourceTree = "<group>"; };
		AD3ACFC12050A71B005F6E19 /* HomeViewController.swift */ = {isa = PBXFileReference; lastKnownFileType = sourcecode.swift; path = HomeViewController.swift; sourceTree = "<group>"; };
		AD3ACFC32050DF44005F6E19 /* DateViewController.swift */ = {isa = PBXFileReference; lastKnownFileType = sourcecode.swift; path = DateViewController.swift; sourceTree = "<group>"; };
		AD3ACFE52051E3A2005F6E19 /* chatBtn.png */ = {isa = PBXFileReference; lastKnownFileType = image.png; path = chatBtn.png; sourceTree = SOURCE_ROOT; };
		AD3ACFE62051E3A2005F6E19 /* profileBtn.png */ = {isa = PBXFileReference; lastKnownFileType = image.png; path = profileBtn.png; sourceTree = SOURCE_ROOT; };
		AD3ACFE72051E3A2005F6E19 /* dateBtn.png */ = {isa = PBXFileReference; lastKnownFileType = image.png; path = dateBtn.png; sourceTree = SOURCE_ROOT; };
		AD3ACFE82051E3A2005F6E19 /* homeBtn.png */ = {isa = PBXFileReference; lastKnownFileType = image.png; path = homeBtn.png; sourceTree = SOURCE_ROOT; };
		AD3ACFE92051E3A2005F6E19 /* logoutBtn.png */ = {isa = PBXFileReference; lastKnownFileType = image.png; path = logoutBtn.png; sourceTree = SOURCE_ROOT; };
		AD74C38C00D3BADB660B44CF /* Pods_TesteeTests.framework */ = {isa = PBXFileReference; explicitFileType = wrapper.framework; includeInIndex = 0; path = Pods_TesteeTests.framework; sourceTree = BUILT_PRODUCTS_DIR; };
		DCB61A0F718AC167D0392174 /* Pods-TesteeTests.debug.xcconfig */ = {isa = PBXFileReference; includeInIndex = 1; lastKnownFileType = text.xcconfig; name = "Pods-TesteeTests.debug.xcconfig"; path = "Pods/Target Support Files/Pods-TesteeTests/Pods-TesteeTests.debug.xcconfig"; sourceTree = "<group>"; };
/* End PBXFileReference section */

/* Begin PBXFrameworksBuildPhase section */
		6CEA19602008480F0072E501 /* Frameworks */ = {
			isa = PBXFrameworksBuildPhase;
			buildActionMask = 2147483647;
			files = (
				152D8E563062C3ECC34423A7 /* Pods_Testee.framework in Frameworks */,
			);
			runOnlyForDeploymentPostprocessing = 0;
		};
		6CEA1974200848100072E501 /* Frameworks */ = {
			isa = PBXFrameworksBuildPhase;
			buildActionMask = 2147483647;
			files = (
				BBD60788CC1209162F701217 /* Pods_TesteeTests.framework in Frameworks */,
			);
			runOnlyForDeploymentPostprocessing = 0;
		};
		6CEA197F200848100072E501 /* Frameworks */ = {
			isa = PBXFrameworksBuildPhase;
			buildActionMask = 2147483647;
			files = (
				FC305B91982B09056D106599 /* Pods_TesteeUITests.framework in Frameworks */,
			);
			runOnlyForDeploymentPostprocessing = 0;
		};
/* End PBXFrameworksBuildPhase section */

/* Begin PBXGroup section */
		26B24C938ACAF5F1009B6184 /* Frameworks */ = {
			isa = PBXGroup;
			children = (
				95D478CA7F10E5AEC65828D7 /* Pods_Testee.framework */,
				AD74C38C00D3BADB660B44CF /* Pods_TesteeTests.framework */,
				427682A4ED74EB7FA8043A8B /* Pods_TesteeUITests.framework */,
			);
			name = Frameworks;
			sourceTree = "<group>";
		};
		6C1A8CF62026959D004E58BA /* Model */ = {
			isa = PBXGroup;
			children = (
				6C1A8CF7202695EC004E58BA /* User.swift */,
				6C1FF158202EABCC006AB794 /* Message.swift */,
				6CFD8FA0203E55AF007589C3 /* RecentMessageCell.swift */,
				6CE053C92050AA29008ACB57 /* ProfileViewCell.swift */,
			);
			path = Model;
			sourceTree = "<group>";
		};
		6C1FF15A2034F6C5006AB794 /* View */ = {
			isa = PBXGroup;
			children = (
				6C1FF15B2034F727006AB794 /* ChatMessageCell.swift */,
			);
			path = View;
			sourceTree = "<group>";
		};
		6C9575562011902F000263E4 /* Controller */ = {
			isa = PBXGroup;
			children = (
				6C9575612012DFD6000263E4 /* night.png */,
				AD3ACFE52051E3A2005F6E19 /* chatBtn.png */,
				AD3ACFE72051E3A2005F6E19 /* dateBtn.png */,
				AD3ACFE82051E3A2005F6E19 /* homeBtn.png */,
				AD3ACFE92051E3A2005F6E19 /* logoutBtn.png */,
				AD3ACFE62051E3A2005F6E19 /* profileBtn.png */,
				6C9575572011906F000263E4 /* LoginController.swift */,
				6C3EE6A6201419FA00943AE2 /* RegistrationController.swift */,
				6CEA19682008480F0072E501 /* MessagesController.swift */,
				6CCC59C7201FACBA00FE716A /* checkBox.swift */,
				6C1814AD202CFE95003423ED /* ChatLogController.swift */,
				AD3ACFBF20509599005F6E19 /* ProfileController.swift */,
				AD3ACFC12050A71B005F6E19 /* HomeViewController.swift */,
				AD3ACFC32050DF44005F6E19 /* DateViewController.swift */,
			);
			path = Controller;
			sourceTree = "<group>";
		};
		6CEA195A2008480F0072E501 = {
			isa = PBXGroup;
			children = (
				6CEA19652008480F0072E501 /* Testee */,
				6CEA197A200848100072E501 /* TesteeTests */,
				6CEA1985200848100072E501 /* TesteeUITests */,
				6CEA19642008480F0072E501 /* Products */,
				809942F551C777ECFE992270 /* Pods */,
				26B24C938ACAF5F1009B6184 /* Frameworks */,
			);
			sourceTree = "<group>";
		};
		6CEA19642008480F0072E501 /* Products */ = {
			isa = PBXGroup;
			children = (
				6CEA19632008480F0072E501 /* Testee.app */,
				6CEA1977200848100072E501 /* TesteeTests.xctest */,
				6CEA1982200848100072E501 /* TesteeUITests.xctest */,
			);
			name = Products;
			sourceTree = "<group>";
		};
		6CEA19652008480F0072E501 /* Testee */ = {
			isa = PBXGroup;
			children = (
				6C1FF15A2034F6C5006AB794 /* View */,
				6C1A8CF62026959D004E58BA /* Model */,
				6CBA0446201FB6B700456C7D /* checkBox.png */,
				6C9575562011902F000263E4 /* Controller */,
				6CEA1994200849000072E501 /* GoogleService-Info.plist */,
				6CEA19662008480F0072E501 /* AppDelegate.swift */,
				6CEA196A2008480F0072E501 /* Main.storyboard */,
				6C484B5A201952A7009BF017 /* UI.storyboard */,
				6C1A8CEE202536A5004E58BA /* Assets.xcassets */,
				6CEA196F2008480F0072E501 /* LaunchScreen.storyboard */,
				6CEA19722008480F0072E501 /* Info.plist */,
			);
			path = Testee;
			sourceTree = "<group>";
		};
		6CEA197A200848100072E501 /* TesteeTests */ = {
			isa = PBXGroup;
			children = (
				6CEA197B200848100072E501 /* TesteeTests.swift */,
				6CEA197D200848100072E501 /* Info.plist */,
			);
			path = TesteeTests;
			sourceTree = "<group>";
		};
		6CEA1985200848100072E501 /* TesteeUITests */ = {
			isa = PBXGroup;
			children = (
				6CEA1986200848100072E501 /* TesteeUITests.swift */,
				6CEA1988200848100072E501 /* Info.plist */,
			);
			path = TesteeUITests;
			sourceTree = "<group>";
		};
		809942F551C777ECFE992270 /* Pods */ = {
			isa = PBXGroup;
			children = (
				0AA2C38E43CAF4A74D3598ED /* Pods-Testee.debug.xcconfig */,
				1EB2A1B7FED7B49F305A929C /* Pods-Testee.release.xcconfig */,
				DCB61A0F718AC167D0392174 /* Pods-TesteeTests.debug.xcconfig */,
				73553268F34D28B02C0122BC /* Pods-TesteeTests.release.xcconfig */,
				7E134E273AD525B449443E64 /* Pods-TesteeUITests.debug.xcconfig */,
				4DFF3CCE8DC3EF2656C2E82A /* Pods-TesteeUITests.release.xcconfig */,
			);
			name = Pods;
			sourceTree = "<group>";
		};
/* End PBXGroup section */

/* Begin PBXNativeTarget section */
		6CEA19622008480F0072E501 /* Testee */ = {
			isa = PBXNativeTarget;
			buildConfigurationList = 6CEA198B200848100072E501 /* Build configuration list for PBXNativeTarget "Testee" */;
			buildPhases = (
				68935C1DEBA5278ECDD8E68D /* [CP] Check Pods Manifest.lock */,
				6CEA195F2008480F0072E501 /* Sources */,
				6CEA19602008480F0072E501 /* Frameworks */,
				6CEA19612008480F0072E501 /* Resources */,
				3C1CCC1CE83DA3E40E9BAA2E /* [CP] Embed Pods Frameworks */,
				6438321894D24CEA5FE8FF5C /* [CP] Copy Pods Resources */,
			);
			buildRules = (
			);
			dependencies = (
			);
			name = Testee;
			productName = Testee;
			productReference = 6CEA19632008480F0072E501 /* Testee.app */;
			productType = "com.apple.product-type.application";
		};
		6CEA1976200848100072E501 /* TesteeTests */ = {
			isa = PBXNativeTarget;
			buildConfigurationList = 6CEA198E200848100072E501 /* Build configuration list for PBXNativeTarget "TesteeTests" */;
			buildPhases = (
				C26C4622AE8E809B874FECEC /* [CP] Check Pods Manifest.lock */,
				6CEA1973200848100072E501 /* Sources */,
				6CEA1974200848100072E501 /* Frameworks */,
				6CEA1975200848100072E501 /* Resources */,
				C4C1EA780DD7144D19907B16 /* [CP] Embed Pods Frameworks */,
				BAAC18981D344805AFB7C11F /* [CP] Copy Pods Resources */,
			);
			buildRules = (
			);
			dependencies = (
				6CEA1979200848100072E501 /* PBXTargetDependency */,
			);
			name = TesteeTests;
			productName = TesteeTests;
			productReference = 6CEA1977200848100072E501 /* TesteeTests.xctest */;
			productType = "com.apple.product-type.bundle.unit-test";
		};
		6CEA1981200848100072E501 /* TesteeUITests */ = {
			isa = PBXNativeTarget;
			buildConfigurationList = 6CEA1991200848100072E501 /* Build configuration list for PBXNativeTarget "TesteeUITests" */;
			buildPhases = (
				AA2B62596A4DD86ACA5F3BB1 /* [CP] Check Pods Manifest.lock */,
				6CEA197E200848100072E501 /* Sources */,
				6CEA197F200848100072E501 /* Frameworks */,
				6CEA1980200848100072E501 /* Resources */,
				AA63DC6B6C3C5364C1DF42AA /* [CP] Embed Pods Frameworks */,
				E5894B8B914E0FC08FA5354C /* [CP] Copy Pods Resources */,
			);
			buildRules = (
			);
			dependencies = (
				6CEA1984200848100072E501 /* PBXTargetDependency */,
			);
			name = TesteeUITests;
			productName = TesteeUITests;
			productReference = 6CEA1982200848100072E501 /* TesteeUITests.xctest */;
			productType = "com.apple.product-type.bundle.ui-testing";
		};
/* End PBXNativeTarget section */

/* Begin PBXProject section */
		6CEA195B2008480F0072E501 /* Project object */ = {
			isa = PBXProject;
			attributes = {
				LastSwiftUpdateCheck = 0920;
				LastUpgradeCheck = 0920;
				ORGANIZATIONNAME = "Mental ModelsTwo";
				TargetAttributes = {
					6CEA19622008480F0072E501 = {
						CreatedOnToolsVersion = 9.2;
						ProvisioningStyle = Automatic;
					};
					6CEA1976200848100072E501 = {
						CreatedOnToolsVersion = 9.2;
						ProvisioningStyle = Automatic;
						TestTargetID = 6CEA19622008480F0072E501;
					};
					6CEA1981200848100072E501 = {
						CreatedOnToolsVersion = 9.2;
						ProvisioningStyle = Automatic;
						TestTargetID = 6CEA19622008480F0072E501;
					};
				};
			};
			buildConfigurationList = 6CEA195E2008480F0072E501 /* Build configuration list for PBXProject "Testee" */;
			compatibilityVersion = "Xcode 8.0";
			developmentRegion = en;
			hasScannedForEncodings = 0;
			knownRegions = (
				en,
				Base,
			);
			mainGroup = 6CEA195A2008480F0072E501;
			productRefGroup = 6CEA19642008480F0072E501 /* Products */;
			projectDirPath = "";
			projectRoot = "";
			targets = (
				6CEA19622008480F0072E501 /* Testee */,
				6CEA1976200848100072E501 /* TesteeTests */,
				6CEA1981200848100072E501 /* TesteeUITests */,
			);
		};
/* End PBXProject section */

/* Begin PBXResourcesBuildPhase section */
		6CEA19612008480F0072E501 /* Resources */ = {
			isa = PBXResourcesBuildPhase;
			buildActionMask = 2147483647;
			files = (
				6CEA19712008480F0072E501 /* LaunchScreen.storyboard in Resources */,
				6CEA1995200849010072E501 /* GoogleService-Info.plist in Resources */,
				6C484B5B201952A7009BF017 /* UI.storyboard in Resources */,
				AD3ACFEE2051E3A2005F6E19 /* logoutBtn.png in Resources */,
				6C1A8CEF202536A5004E58BA /* Assets.xcassets in Resources */,
				AD3ACFEA2051E3A2005F6E19 /* chatBtn.png in Resources */,
				AD3ACFED2051E3A2005F6E19 /* homeBtn.png in Resources */,
				6C9575622012DFD6000263E4 /* night.png in Resources */,
				AD3ACFEB2051E3A2005F6E19 /* profileBtn.png in Resources */,
				6CEA196C2008480F0072E501 /* Main.storyboard in Resources */,
				AD3ACFEC2051E3A2005F6E19 /* dateBtn.png in Resources */,
			);
			runOnlyForDeploymentPostprocessing = 0;
		};
		6CEA1975200848100072E501 /* Resources */ = {
			isa = PBXResourcesBuildPhase;
			buildActionMask = 2147483647;
			files = (
				6CEA1996200849D20072E501 /* GoogleService-Info.plist in Resources */,
				6C1A8CF0202536A5004E58BA /* Assets.xcassets in Resources */,
			);
			runOnlyForDeploymentPostprocessing = 0;
		};
		6CEA1980200848100072E501 /* Resources */ = {
			isa = PBXResourcesBuildPhase;
			buildActionMask = 2147483647;
			files = (
				6CEA1997200849D40072E501 /* GoogleService-Info.plist in Resources */,
				6C1A8CF1202536A5004E58BA /* Assets.xcassets in Resources */,
			);
			runOnlyForDeploymentPostprocessing = 0;
		};
/* End PBXResourcesBuildPhase section */

/* Begin PBXShellScriptBuildPhase section */
		3C1CCC1CE83DA3E40E9BAA2E /* [CP] Embed Pods Frameworks */ = {
			isa = PBXShellScriptBuildPhase;
			buildActionMask = 2147483647;
			files = (
			);
			inputPaths = (
				"${SRCROOT}/Pods/Target Support Files/Pods-Testee/Pods-Testee-frameworks.sh",
				"${BUILT_PRODUCTS_DIR}/BEMCheckBox/BEMCheckBox.framework",
				"${BUILT_PRODUCTS_DIR}/GTMSessionFetcher/GTMSessionFetcher.framework",
				"${BUILT_PRODUCTS_DIR}/GoogleToolboxForMac/GoogleToolboxForMac.framework",
				"${BUILT_PRODUCTS_DIR}/leveldb-library/leveldb.framework",
				"${BUILT_PRODUCTS_DIR}/nanopb/nanopb.framework",
			);
			name = "[CP] Embed Pods Frameworks";
			outputPaths = (
				"${TARGET_BUILD_DIR}/${FRAMEWORKS_FOLDER_PATH}/BEMCheckBox.framework",
				"${TARGET_BUILD_DIR}/${FRAMEWORKS_FOLDER_PATH}/GTMSessionFetcher.framework",
				"${TARGET_BUILD_DIR}/${FRAMEWORKS_FOLDER_PATH}/GoogleToolboxForMac.framework",
				"${TARGET_BUILD_DIR}/${FRAMEWORKS_FOLDER_PATH}/leveldb.framework",
				"${TARGET_BUILD_DIR}/${FRAMEWORKS_FOLDER_PATH}/nanopb.framework",
			);
			runOnlyForDeploymentPostprocessing = 0;
			shellPath = /bin/sh;
			shellScript = "\"${SRCROOT}/Pods/Target Support Files/Pods-Testee/Pods-Testee-frameworks.sh\"\n";
			showEnvVarsInLog = 0;
		};
		6438321894D24CEA5FE8FF5C /* [CP] Copy Pods Resources */ = {
			isa = PBXShellScriptBuildPhase;
			buildActionMask = 2147483647;
			files = (
			);
			inputPaths = (
			);
			name = "[CP] Copy Pods Resources";
			outputPaths = (
			);
			runOnlyForDeploymentPostprocessing = 0;
			shellPath = /bin/sh;
			shellScript = "\"${SRCROOT}/Pods/Target Support Files/Pods-Testee/Pods-Testee-resources.sh\"\n";
			showEnvVarsInLog = 0;
		};
		68935C1DEBA5278ECDD8E68D /* [CP] Check Pods Manifest.lock */ = {
			isa = PBXShellScriptBuildPhase;
			buildActionMask = 2147483647;
			files = (
			);
			inputPaths = (
				"${PODS_PODFILE_DIR_PATH}/Podfile.lock",
				"${PODS_ROOT}/Manifest.lock",
			);
			name = "[CP] Check Pods Manifest.lock";
			outputPaths = (
				"$(DERIVED_FILE_DIR)/Pods-Testee-checkManifestLockResult.txt",
			);
			runOnlyForDeploymentPostprocessing = 0;
			shellPath = /bin/sh;
			shellScript = "diff \"${PODS_PODFILE_DIR_PATH}/Podfile.lock\" \"${PODS_ROOT}/Manifest.lock\" > /dev/null\nif [ $? != 0 ] ; then\n    # print error to STDERR\n    echo \"error: The sandbox is not in sync with the Podfile.lock. Run 'pod install' or update your CocoaPods installation.\" >&2\n    exit 1\nfi\n# This output is used by Xcode 'outputs' to avoid re-running this script phase.\necho \"SUCCESS\" > \"${SCRIPT_OUTPUT_FILE_0}\"\n";
			showEnvVarsInLog = 0;
		};
		AA2B62596A4DD86ACA5F3BB1 /* [CP] Check Pods Manifest.lock */ = {
			isa = PBXShellScriptBuildPhase;
			buildActionMask = 2147483647;
			files = (
			);
			inputPaths = (
				"${PODS_PODFILE_DIR_PATH}/Podfile.lock",
				"${PODS_ROOT}/Manifest.lock",
			);
			name = "[CP] Check Pods Manifest.lock";
			outputPaths = (
				"$(DERIVED_FILE_DIR)/Pods-TesteeUITests-checkManifestLockResult.txt",
			);
			runOnlyForDeploymentPostprocessing = 0;
			shellPath = /bin/sh;
			shellScript = "diff \"${PODS_PODFILE_DIR_PATH}/Podfile.lock\" \"${PODS_ROOT}/Manifest.lock\" > /dev/null\nif [ $? != 0 ] ; then\n    # print error to STDERR\n    echo \"error: The sandbox is not in sync with the Podfile.lock. Run 'pod install' or update your CocoaPods installation.\" >&2\n    exit 1\nfi\n# This output is used by Xcode 'outputs' to avoid re-running this script phase.\necho \"SUCCESS\" > \"${SCRIPT_OUTPUT_FILE_0}\"\n";
			showEnvVarsInLog = 0;
		};
		AA63DC6B6C3C5364C1DF42AA /* [CP] Embed Pods Frameworks */ = {
			isa = PBXShellScriptBuildPhase;
			buildActionMask = 2147483647;
			files = (
			);
			inputPaths = (
			);
			name = "[CP] Embed Pods Frameworks";
			outputPaths = (
			);
			runOnlyForDeploymentPostprocessing = 0;
			shellPath = /bin/sh;
			shellScript = "\"${SRCROOT}/Pods/Target Support Files/Pods-TesteeUITests/Pods-TesteeUITests-frameworks.sh\"\n";
			showEnvVarsInLog = 0;
		};
		BAAC18981D344805AFB7C11F /* [CP] Copy Pods Resources */ = {
			isa = PBXShellScriptBuildPhase;
			buildActionMask = 2147483647;
			files = (
			);
			inputPaths = (
			);
			name = "[CP] Copy Pods Resources";
			outputPaths = (
			);
			runOnlyForDeploymentPostprocessing = 0;
			shellPath = /bin/sh;
			shellScript = "\"${SRCROOT}/Pods/Target Support Files/Pods-TesteeTests/Pods-TesteeTests-resources.sh\"\n";
			showEnvVarsInLog = 0;
		};
		C26C4622AE8E809B874FECEC /* [CP] Check Pods Manifest.lock */ = {
			isa = PBXShellScriptBuildPhase;
			buildActionMask = 2147483647;
			files = (
			);
			inputPaths = (
				"${PODS_PODFILE_DIR_PATH}/Podfile.lock",
				"${PODS_ROOT}/Manifest.lock",
			);
			name = "[CP] Check Pods Manifest.lock";
			outputPaths = (
				"$(DERIVED_FILE_DIR)/Pods-TesteeTests-checkManifestLockResult.txt",
			);
			runOnlyForDeploymentPostprocessing = 0;
			shellPath = /bin/sh;
			shellScript = "diff \"${PODS_PODFILE_DIR_PATH}/Podfile.lock\" \"${PODS_ROOT}/Manifest.lock\" > /dev/null\nif [ $? != 0 ] ; then\n    # print error to STDERR\n    echo \"error: The sandbox is not in sync with the Podfile.lock. Run 'pod install' or update your CocoaPods installation.\" >&2\n    exit 1\nfi\n# This output is used by Xcode 'outputs' to avoid re-running this script phase.\necho \"SUCCESS\" > \"${SCRIPT_OUTPUT_FILE_0}\"\n";
			showEnvVarsInLog = 0;
		};
		C4C1EA780DD7144D19907B16 /* [CP] Embed Pods Frameworks */ = {
			isa = PBXShellScriptBuildPhase;
			buildActionMask = 2147483647;
			files = (
			);
			inputPaths = (
			);
			name = "[CP] Embed Pods Frameworks";
			outputPaths = (
			);
			runOnlyForDeploymentPostprocessing = 0;
			shellPath = /bin/sh;
			shellScript = "\"${SRCROOT}/Pods/Target Support Files/Pods-TesteeTests/Pods-TesteeTests-frameworks.sh\"\n";
			showEnvVarsInLog = 0;
		};
		E5894B8B914E0FC08FA5354C /* [CP] Copy Pods Resources */ = {
			isa = PBXShellScriptBuildPhase;
			buildActionMask = 2147483647;
			files = (
			);
			inputPaths = (
			);
			name = "[CP] Copy Pods Resources";
			outputPaths = (
			);
			runOnlyForDeploymentPostprocessing = 0;
			shellPath = /bin/sh;
			shellScript = "\"${SRCROOT}/Pods/Target Support Files/Pods-TesteeUITests/Pods-TesteeUITests-resources.sh\"\n";
			showEnvVarsInLog = 0;
		};
/* End PBXShellScriptBuildPhase section */

/* Begin PBXSourcesBuildPhase section */
		6CEA195F2008480F0072E501 /* Sources */ = {
			isa = PBXSourcesBuildPhase;
			buildActionMask = 2147483647;
			files = (
				6C1814AE202CFE95003423ED /* ChatLogController.swift in Sources */,
				6CEA19692008480F0072E501 /* MessagesController.swift in Sources */,
				6C1FF15C2034F727006AB794 /* ChatMessageCell.swift in Sources */,
				6C9575582011906F000263E4 /* LoginController.swift in Sources */,
				6CFD8FA1203E55AF007589C3 /* RecentMessageCell.swift in Sources */,
				AD3ACFC42050DF44005F6E19 /* DateViewController.swift in Sources */,
				6C3EE6A7201419FA00943AE2 /* RegistrationController.swift in Sources */,
				6CEA19672008480F0072E501 /* AppDelegate.swift in Sources */,
				AD3ACFC020509599005F6E19 /* ProfileController.swift in Sources */,
				6C1FF159202EABCC006AB794 /* Message.swift in Sources */,
				6CCC59C8201FACBA00FE716A /* checkBox.swift in Sources */,
				6CE053CA2050AA29008ACB57 /* ProfileViewCell.swift in Sources */,
				6C1A8CF8202695EC004E58BA /* User.swift in Sources */,
				AD3ACFC22050A71B005F6E19 /* HomeViewController.swift in Sources */,
			);
			runOnlyForDeploymentPostprocessing = 0;
		};
		6CEA1973200848100072E501 /* Sources */ = {
			isa = PBXSourcesBuildPhase;
			buildActionMask = 2147483647;
			files = (
				6C1A8CF9202695EC004E58BA /* User.swift in Sources */,
				6CEA197C200848100072E501 /* TesteeTests.swift in Sources */,
			);
			runOnlyForDeploymentPostprocessing = 0;
		};
		6CEA197E200848100072E501 /* Sources */ = {
			isa = PBXSourcesBuildPhase;
			buildActionMask = 2147483647;
			files = (
				6C1A8CFA202695EC004E58BA /* User.swift in Sources */,
				6CEA1987200848100072E501 /* TesteeUITests.swift in Sources */,
			);
			runOnlyForDeploymentPostprocessing = 0;
		};
/* End PBXSourcesBuildPhase section */

/* Begin PBXTargetDependency section */
		6CEA1979200848100072E501 /* PBXTargetDependency */ = {
			isa = PBXTargetDependency;
			target = 6CEA19622008480F0072E501 /* Testee */;
			targetProxy = 6CEA1978200848100072E501 /* PBXContainerItemProxy */;
		};
		6CEA1984200848100072E501 /* PBXTargetDependency */ = {
			isa = PBXTargetDependency;
			target = 6CEA19622008480F0072E501 /* Testee */;
			targetProxy = 6CEA1983200848100072E501 /* PBXContainerItemProxy */;
		};
/* End PBXTargetDependency section */

/* Begin PBXVariantGroup section */
		6CEA196A2008480F0072E501 /* Main.storyboard */ = {
			isa = PBXVariantGroup;
			children = (
				6CEA196B2008480F0072E501 /* Base */,
			);
			name = Main.storyboard;
			sourceTree = "<group>";
		};
		6CEA196F2008480F0072E501 /* LaunchScreen.storyboard */ = {
			isa = PBXVariantGroup;
			children = (
				6CEA19702008480F0072E501 /* Base */,
			);
			name = LaunchScreen.storyboard;
			sourceTree = "<group>";
		};
/* End PBXVariantGroup section */

/* Begin XCBuildConfiguration section */
		6CEA1989200848100072E501 /* Debug */ = {
			isa = XCBuildConfiguration;
			buildSettings = {
				ALWAYS_SEARCH_USER_PATHS = NO;
				CLANG_ANALYZER_NONNULL = YES;
				CLANG_ANALYZER_NUMBER_OBJECT_CONVERSION = YES_AGGRESSIVE;
				CLANG_CXX_LANGUAGE_STANDARD = "gnu++14";
				CLANG_CXX_LIBRARY = "libc++";
				CLANG_ENABLE_MODULES = YES;
				CLANG_ENABLE_OBJC_ARC = YES;
				CLANG_WARN_BLOCK_CAPTURE_AUTORELEASING = YES;
				CLANG_WARN_BOOL_CONVERSION = YES;
				CLANG_WARN_COMMA = YES;
				CLANG_WARN_CONSTANT_CONVERSION = YES;
				CLANG_WARN_DIRECT_OBJC_ISA_USAGE = YES_ERROR;
				CLANG_WARN_DOCUMENTATION_COMMENTS = YES;
				CLANG_WARN_EMPTY_BODY = YES;
				CLANG_WARN_ENUM_CONVERSION = YES;
				CLANG_WARN_INFINITE_RECURSION = YES;
				CLANG_WARN_INT_CONVERSION = YES;
				CLANG_WARN_NON_LITERAL_NULL_CONVERSION = YES;
				CLANG_WARN_OBJC_LITERAL_CONVERSION = YES;
				CLANG_WARN_OBJC_ROOT_CLASS = YES_ERROR;
				CLANG_WARN_RANGE_LOOP_ANALYSIS = YES;
				CLANG_WARN_STRICT_PROTOTYPES = YES;
				CLANG_WARN_SUSPICIOUS_MOVE = YES;
				CLANG_WARN_UNGUARDED_AVAILABILITY = YES_AGGRESSIVE;
				CLANG_WARN_UNREACHABLE_CODE = YES;
				CLANG_WARN__DUPLICATE_METHOD_MATCH = YES;
				CODE_SIGN_IDENTITY = "iPhone Developer";
				COPY_PHASE_STRIP = NO;
				DEBUG_INFORMATION_FORMAT = dwarf;
				ENABLE_STRICT_OBJC_MSGSEND = YES;
				ENABLE_TESTABILITY = YES;
				GCC_C_LANGUAGE_STANDARD = gnu11;
				GCC_DYNAMIC_NO_PIC = NO;
				GCC_NO_COMMON_BLOCKS = YES;
				GCC_OPTIMIZATION_LEVEL = 0;
				GCC_PREPROCESSOR_DEFINITIONS = (
					"DEBUG=1",
					"$(inherited)",
				);
				GCC_WARN_64_TO_32_BIT_CONVERSION = YES;
				GCC_WARN_ABOUT_RETURN_TYPE = YES_ERROR;
				GCC_WARN_UNDECLARED_SELECTOR = YES;
				GCC_WARN_UNINITIALIZED_AUTOS = YES_AGGRESSIVE;
				GCC_WARN_UNUSED_FUNCTION = YES;
				GCC_WARN_UNUSED_VARIABLE = YES;
				IPHONEOS_DEPLOYMENT_TARGET = 11.2;
				MTL_ENABLE_DEBUG_INFO = YES;
				ONLY_ACTIVE_ARCH = YES;
				SDKROOT = iphoneos;
				SWIFT_ACTIVE_COMPILATION_CONDITIONS = DEBUG;
				SWIFT_OPTIMIZATION_LEVEL = "-Onone";
			};
			name = Debug;
		};
		6CEA198A200848100072E501 /* Release */ = {
			isa = XCBuildConfiguration;
			buildSettings = {
				ALWAYS_SEARCH_USER_PATHS = NO;
				CLANG_ANALYZER_NONNULL = YES;
				CLANG_ANALYZER_NUMBER_OBJECT_CONVERSION = YES_AGGRESSIVE;
				CLANG_CXX_LANGUAGE_STANDARD = "gnu++14";
				CLANG_CXX_LIBRARY = "libc++";
				CLANG_ENABLE_MODULES = YES;
				CLANG_ENABLE_OBJC_ARC = YES;
				CLANG_WARN_BLOCK_CAPTURE_AUTORELEASING = YES;
				CLANG_WARN_BOOL_CONVERSION = YES;
				CLANG_WARN_COMMA = YES;
				CLANG_WARN_CONSTANT_CONVERSION = YES;
				CLANG_WARN_DIRECT_OBJC_ISA_USAGE = YES_ERROR;
				CLANG_WARN_DOCUMENTATION_COMMENTS = YES;
				CLANG_WARN_EMPTY_BODY = YES;
				CLANG_WARN_ENUM_CONVERSION = YES;
				CLANG_WARN_INFINITE_RECURSION = YES;
				CLANG_WARN_INT_CONVERSION = YES;
				CLANG_WARN_NON_LITERAL_NULL_CONVERSION = YES;
				CLANG_WARN_OBJC_LITERAL_CONVERSION = YES;
				CLANG_WARN_OBJC_ROOT_CLASS = YES_ERROR;
				CLANG_WARN_RANGE_LOOP_ANALYSIS = YES;
				CLANG_WARN_STRICT_PROTOTYPES = YES;
				CLANG_WARN_SUSPICIOUS_MOVE = YES;
				CLANG_WARN_UNGUARDED_AVAILABILITY = YES_AGGRESSIVE;
				CLANG_WARN_UNREACHABLE_CODE = YES;
				CLANG_WARN__DUPLICATE_METHOD_MATCH = YES;
				CODE_SIGN_IDENTITY = "iPhone Developer";
				COPY_PHASE_STRIP = NO;
				DEBUG_INFORMATION_FORMAT = "dwarf-with-dsym";
				ENABLE_NS_ASSERTIONS = NO;
				ENABLE_STRICT_OBJC_MSGSEND = YES;
				GCC_C_LANGUAGE_STANDARD = gnu11;
				GCC_NO_COMMON_BLOCKS = YES;
				GCC_WARN_64_TO_32_BIT_CONVERSION = YES;
				GCC_WARN_ABOUT_RETURN_TYPE = YES_ERROR;
				GCC_WARN_UNDECLARED_SELECTOR = YES;
				GCC_WARN_UNINITIALIZED_AUTOS = YES_AGGRESSIVE;
				GCC_WARN_UNUSED_FUNCTION = YES;
				GCC_WARN_UNUSED_VARIABLE = YES;
				IPHONEOS_DEPLOYMENT_TARGET = 11.2;
				MTL_ENABLE_DEBUG_INFO = NO;
				SDKROOT = iphoneos;
				SWIFT_OPTIMIZATION_LEVEL = "-Owholemodule";
				VALIDATE_PRODUCT = YES;
			};
			name = Release;
		};
		6CEA198C200848100072E501 /* Debug */ = {
			isa = XCBuildConfiguration;
			baseConfigurationReference = 0AA2C38E43CAF4A74D3598ED /* Pods-Testee.debug.xcconfig */;
			buildSettings = {
				ASSETCATALOG_COMPILER_APPICON_NAME = AppIcon;
				CODE_SIGN_STYLE = Automatic;
				INFOPLIST_FILE = Testee/Info.plist;
				LD_RUNPATH_SEARCH_PATHS = "$(inherited) @executable_path/Frameworks";
				PRODUCT_BUNDLE_IDENTIFIER = "America-s-Next-Mental-Models.Testee";
				PRODUCT_NAME = "$(TARGET_NAME)";
				SWIFT_VERSION = 4.0;
				TARGETED_DEVICE_FAMILY = "1,2";
			};
			name = Debug;
		};
		6CEA198D200848100072E501 /* Release */ = {
			isa = XCBuildConfiguration;
			baseConfigurationReference = 1EB2A1B7FED7B49F305A929C /* Pods-Testee.release.xcconfig */;
			buildSettings = {
				ASSETCATALOG_COMPILER_APPICON_NAME = AppIcon;
				CODE_SIGN_STYLE = Automatic;
				INFOPLIST_FILE = Testee/Info.plist;
				LD_RUNPATH_SEARCH_PATHS = "$(inherited) @executable_path/Frameworks";
				PRODUCT_BUNDLE_IDENTIFIER = "America-s-Next-Mental-Models.Testee";
				PRODUCT_NAME = "$(TARGET_NAME)";
				SWIFT_VERSION = 4.0;
				TARGETED_DEVICE_FAMILY = "1,2";
			};
			name = Release;
		};
		6CEA198F200848100072E501 /* Debug */ = {
			isa = XCBuildConfiguration;
			baseConfigurationReference = DCB61A0F718AC167D0392174 /* Pods-TesteeTests.debug.xcconfig */;
			buildSettings = {
				ALWAYS_EMBED_SWIFT_STANDARD_LIBRARIES = YES;
				BUNDLE_LOADER = "$(TEST_HOST)";
				CODE_SIGN_STYLE = Automatic;
				INFOPLIST_FILE = TesteeTests/Info.plist;
				LD_RUNPATH_SEARCH_PATHS = "$(inherited) @executable_path/Frameworks @loader_path/Frameworks";
				PRODUCT_BUNDLE_IDENTIFIER = "America-s-Next-Mental-Models.TesteeTests";
				PRODUCT_NAME = "$(TARGET_NAME)";
				SWIFT_VERSION = 4.0;
				TARGETED_DEVICE_FAMILY = "1,2";
				TEST_HOST = "$(BUILT_PRODUCTS_DIR)/Testee.app/Testee";
			};
			name = Debug;
		};
		6CEA1990200848100072E501 /* Release */ = {
			isa = XCBuildConfiguration;
			baseConfigurationReference = 73553268F34D28B02C0122BC /* Pods-TesteeTests.release.xcconfig */;
			buildSettings = {
				ALWAYS_EMBED_SWIFT_STANDARD_LIBRARIES = YES;
				BUNDLE_LOADER = "$(TEST_HOST)";
				CODE_SIGN_STYLE = Automatic;
				INFOPLIST_FILE = TesteeTests/Info.plist;
				LD_RUNPATH_SEARCH_PATHS = "$(inherited) @executable_path/Frameworks @loader_path/Frameworks";
				PRODUCT_BUNDLE_IDENTIFIER = "America-s-Next-Mental-Models.TesteeTests";
				PRODUCT_NAME = "$(TARGET_NAME)";
				SWIFT_VERSION = 4.0;
				TARGETED_DEVICE_FAMILY = "1,2";
				TEST_HOST = "$(BUILT_PRODUCTS_DIR)/Testee.app/Testee";
			};
			name = Release;
		};
		6CEA1992200848100072E501 /* Debug */ = {
			isa = XCBuildConfiguration;
			baseConfigurationReference = 7E134E273AD525B449443E64 /* Pods-TesteeUITests.debug.xcconfig */;
			buildSettings = {
				ALWAYS_EMBED_SWIFT_STANDARD_LIBRARIES = YES;
				CODE_SIGN_STYLE = Automatic;
				INFOPLIST_FILE = TesteeUITests/Info.plist;
				LD_RUNPATH_SEARCH_PATHS = "$(inherited) @executable_path/Frameworks @loader_path/Frameworks";
				PRODUCT_BUNDLE_IDENTIFIER = "America-s-Next-Mental-Models.TesteeUITests";
				PRODUCT_NAME = "$(TARGET_NAME)";
				SWIFT_VERSION = 4.0;
				TARGETED_DEVICE_FAMILY = "1,2";
				TEST_TARGET_NAME = Testee;
			};
			name = Debug;
		};
		6CEA1993200848100072E501 /* Release */ = {
			isa = XCBuildConfiguration;
			baseConfigurationReference = 4DFF3CCE8DC3EF2656C2E82A /* Pods-TesteeUITests.release.xcconfig */;
			buildSettings = {
				ALWAYS_EMBED_SWIFT_STANDARD_LIBRARIES = YES;
				CODE_SIGN_STYLE = Automatic;
				INFOPLIST_FILE = TesteeUITests/Info.plist;
				LD_RUNPATH_SEARCH_PATHS = "$(inherited) @executable_path/Frameworks @loader_path/Frameworks";
				PRODUCT_BUNDLE_IDENTIFIER = "America-s-Next-Mental-Models.TesteeUITests";
				PRODUCT_NAME = "$(TARGET_NAME)";
				SWIFT_VERSION = 4.0;
				TARGETED_DEVICE_FAMILY = "1,2";
				TEST_TARGET_NAME = Testee;
			};
			name = Release;
		};
/* End XCBuildConfiguration section */

/* Begin XCConfigurationList section */
		6CEA195E2008480F0072E501 /* Build configuration list for PBXProject "Testee" */ = {
			isa = XCConfigurationList;
			buildConfigurations = (
				6CEA1989200848100072E501 /* Debug */,
				6CEA198A200848100072E501 /* Release */,
			);
			defaultConfigurationIsVisible = 0;
			defaultConfigurationName = Release;
		};
		6CEA198B200848100072E501 /* Build configuration list for PBXNativeTarget "Testee" */ = {
			isa = XCConfigurationList;
			buildConfigurations = (
				6CEA198C200848100072E501 /* Debug */,
				6CEA198D200848100072E501 /* Release */,
			);
			defaultConfigurationIsVisible = 0;
			defaultConfigurationName = Release;
		};
		6CEA198E200848100072E501 /* Build configuration list for PBXNativeTarget "TesteeTests" */ = {
			isa = XCConfigurationList;
			buildConfigurations = (
				6CEA198F200848100072E501 /* Debug */,
				6CEA1990200848100072E501 /* Release */,
			);
			defaultConfigurationIsVisible = 0;
			defaultConfigurationName = Release;
		};
		6CEA1991200848100072E501 /* Build configuration list for PBXNativeTarget "TesteeUITests" */ = {
			isa = XCConfigurationList;
			buildConfigurations = (
				6CEA1992200848100072E501 /* Debug */,
				6CEA1993200848100072E501 /* Release */,
			);
			defaultConfigurationIsVisible = 0;
			defaultConfigurationName = Release;
		};
/* End XCConfigurationList section */
	};
	rootObject = 6CEA195B2008480F0072E501 /* Project object */;
}
